
Microsoft Visual Studio Solution File, Format Version 12.00
Project("{FAE04EC0-301F-11D3-BF4B-00C04F79EFBC}") = "BancaOnline", "BancaOnline\BancaOnline.csproj", "{0D914BE3-3D90-422A-A2BD-3403C73FA776}"
EndProject
Global
	GlobalSection(SolutionConfigurationPlatforms) = preSolution
		Debug|Any CPU = Debug|Any CPU
		Release|Any CPU = Release|Any CPU
	EndGlobalSection
	GlobalSection(ProjectConfigurationPlatforms) = postSolution
		{0D914BE3-3D90-422A-A2BD-3403C73FA776}.Debug|Any CPU.ActiveCfg = Debug|Any CPU
		{0D914BE3-3D90-422A-A2BD-3403C73FA776}.Debug|Any CPU.Build.0 = Debug|Any CPU
		{0D914BE3-3D90-422A-A2BD-3403C73FA776}.Release|Any CPU.ActiveCfg = Release|Any CPU
		{0D914BE3-3D90-422A-A2BD-3403C73FA776}.Release|Any CPU.Build.0 = Release|Any CPU
	EndGlobalSection
EndGlobal
